
Microsoft Visual Studio Solution File, Format Version 12.00
# Visual Studio Version 16
VisualStudioVersion = 16.0.33027.164
MinimumVisualStudioVersion = 10.0.40219.1
Project("{C9674DCB-5085-4A16-B785-4C70DD1589BD}") = "SSIS_Test", "SSIS_Test\SSIS_Test.dtproj", "{02383ADF-9B54-4AFD-92D7-9E07BA59C0CC}"
EndProject
Global
	GlobalSection(SolutionConfigurationPlatforms) = preSolution
		Development|Default = Development|Default
	EndGlobalSection
	GlobalSection(ProjectConfigurationPlatforms) = postSolution
		{02383ADF-9B54-4AFD-92D7-9E07BA59C0CC}.Development|Default.ActiveCfg = Development
		{02383ADF-9B54-4AFD-92D7-9E07BA59C0CC}.Development|Default.Build.0 = Development
	EndGlobalSection
	GlobalSection(SolutionProperties) = preSolution
		HideSolutionNode = FALSE
	EndGlobalSection
	GlobalSection(ExtensibilityGlobals) = postSolution
		SolutionGuid = {E793EB33-0256-42E2-AFE7-0FD5658FC3DE}
	EndGlobalSection
EndGlobal
